
Microsoft Visual Studio Solution File, Format Version 12.00
# Visual Studio Version 17
VisualStudioVersion = 17.8.34408.163
MinimumVisualStudioVersion = 10.0.40219.1
Project("{FAE04EC0-301F-11D3-BF4B-00C04F79EFBC}") = "OrderAPI", "OrderAPI\OrderAPI.csproj", "{849FBF8D-2AE4-4A18-B040-90BF6E4F98C7}"
EndProject
Global
	GlobalSection(SolutionConfigurationPlatforms) = preSolution
		Debug|Any CPU = Debug|Any CPU
		Release|Any CPU = Release|Any CPU
	EndGlobalSection
	GlobalSection(ProjectConfigurationPlatforms) = postSolution
		{849FBF8D-2AE4-4A18-B040-90BF6E4F98C7}.Debug|Any CPU.ActiveCfg = Debug|Any CPU
		{849FBF8D-2AE4-4A18-B040-90BF6E4F98C7}.Debug|Any CPU.Build.0 = Debug|Any CPU
		{849FBF8D-2AE4-4A18-B040-90BF6E4F98C7}.Release|Any CPU.ActiveCfg = Release|Any CPU
		{849FBF8D-2AE4-4A18-B040-90BF6E4F98C7}.Release|Any CPU.Build.0 = Release|Any CPU
	EndGlobalSection
	GlobalSection(SolutionProperties) = preSolution
		HideSolutionNode = FALSE
	EndGlobalSection
	GlobalSection(ExtensibilityGlobals) = postSolution
		SolutionGuid = {5E5D4636-285A-4883-8209-035D584CF463}
	EndGlobalSection
EndGlobal
